Microsoft Visual Studio Solution File, Format Version 12.00
# Visual Studio Version 17
VisualStudioVersion = 17.5.2.0
MinimumVisualStudioVersion = 10.0.40219.1
Project("{FAE04EC0-301F-11D3-BF4B-00C04F79EFBC}") = "DateApp", "DateApp.csproj", "{12A5AB44-6041-3C59-9052-07126E61F20C}"
EndProject
Global
	GlobalSection(SolutionConfigurationPlatforms) = preSolution
		Debug|Any CPU = Debug|Any CPU
		Release|Any CPU = Release|Any CPU
	EndGlobalSection
	GlobalSection(ProjectConfigurationPlatforms) = postSolution
		{12A5AB44-6041-3C59-9052-07126E61F20C}.Debug|Any CPU.ActiveCfg = Debug|Any CPU
		{12A5AB44-6041-3C59-9052-07126E61F20C}.Debug|Any CPU.Build.0 = Debug|Any CPU
		{12A5AB44-6041-3C59-9052-07126E61F20C}.Release|Any CPU.ActiveCfg = Release|Any CPU
		{12A5AB44-6041-3C59-9052-07126E61F20C}.Release|Any CPU.Build.0 = Release|Any CPU
	EndGlobalSection
	GlobalSection(SolutionProperties) = preSolution
		HideSolutionNode = FALSE
	EndGlobalSection
	GlobalSection(ExtensibilityGlobals) = postSolution
		SolutionGuid = {4E02719D-1023-45FD-B326-71F1B4E657DB}
	EndGlobalSection
EndGlobal
